// !$*UTF8*$!
{
	archiveVersion = 1;
	classes = {
	};
	objectVersion = 51;
	objects = {

/* Begin PBXBuildFile section */
		2916C23923E4FA3900F22E9C /* ObjectDesign.swift in Sources */ = {isa = PBXBuildFile; fileRef = 2916C23823E4FA3900F22E9C /* ObjectDesign.swift */; };
		29217D6E23C56507004FD302 /* SwipeTableViewController.swift in Sources */ = {isa = PBXBuildFile; fileRef = 29217D6D23C56507004FD302 /* SwipeTableViewController.swift */; };
		2923DA2E23E3BA450049904E /* ButtonDesign.swift in Sources */ = {isa = PBXBuildFile; fileRef = 2923DA2D23E3BA450049904E /* ButtonDesign.swift */; };
		29465B0D23C414DF00997042 /* WeeklyCell.swift in Sources */ = {isa = PBXBuildFile; fileRef = 29465B0B23C414DF00997042 /* WeeklyCell.swift */; };
		29465B0E23C414DF00997042 /* WeeklyCell.xib in Resources */ = {isa = PBXBuildFile; fileRef = 29465B0C23C414DF00997042 /* WeeklyCell.xib */; };
		299159A723C3B6B5005F7E83 /* AppDelegate.swift in Sources */ = {isa = PBXBuildFile; fileRef = 299159A623C3B6B5005F7E83 /* AppDelegate.swift */; };
		299159A923C3B6B5005F7E83 /* SceneDelegate.swift in Sources */ = {isa = PBXBuildFile; fileRef = 299159A823C3B6B5005F7E83 /* SceneDelegate.swift */; };
		299159AE23C3B6B5005F7E83 /* Main.storyboard in Resources */ = {isa = PBXBuildFile; fileRef = 299159AC23C3B6B5005F7E83 /* Main.storyboard */; };
		299159B023C3B6B6005F7E83 /* Assets.xcassets in Resources */ = {isa = PBXBuildFile; fileRef = 299159AF23C3B6B6005F7E83 /* Assets.xcassets */; };
		299159B323C3B6B6005F7E83 /* LaunchScreen.storyboard in Resources */ = {isa = PBXBuildFile; fileRef = 299159B123C3B6B6005F7E83 /* LaunchScreen.storyboard */; };
		299159C923C3B814005F7E83 /* Total.swift in Sources */ = {isa = PBXBuildFile; fileRef = 299159C323C3B814005F7E83 /* Total.swift */; };
		299159CA23C3B814005F7E83 /* NewHoursViewController.swift in Sources */ = {isa = PBXBuildFile; fileRef = 299159C423C3B814005F7E83 /* NewHoursViewController.swift */; };
		299159CB23C3B814005F7E83 /* Weekly.swift in Sources */ = {isa = PBXBuildFile; fileRef = 299159C523C3B814005F7E83 /* Weekly.swift */; };
		299159CD23C3B814005F7E83 /* TotalTableViewController.swift in Sources */ = {isa = PBXBuildFile; fileRef = 299159C723C3B814005F7E83 /* TotalTableViewController.swift */; };
		29A7C10E23D7FCCE00CD0FE4 /* Alert.swift in Sources */ = {isa = PBXBuildFile; fileRef = 29A7C10D23D7FCCE00CD0FE4 /* Alert.swift */; };
		29F4FBB923CE4556008FEBED /* EditHoursViewController.swift in Sources */ = {isa = PBXBuildFile; fileRef = 29F4FBB823CE4556008FEBED /* EditHoursViewController.swift */; };
		29FEB53A23C66AB10084F70F /* WeeklyViewController.swift in Sources */ = {isa = PBXBuildFile; fileRef = 29FEB53923C66AB10084F70F /* WeeklyViewController.swift */; };
		5C78A44036F2B97E2A479A01 /* Pods_sideHustle.framework in Frameworks */ = {isa = PBXBuildFile; fileRef = E4F4BB1167C4F3A1CBC6E147 /* Pods_sideHustle.framework */; };
/* End PBXBuildFile section */

/* Begin PBXFileReference section */
		05FFD3BF31DDC23344E7D29E /* Pods-sideHustle.release.xcconfig */ = {isa = PBXFileReference; includeInIndex = 1; lastKnownFileType = text.xcconfig; name = "Pods-sideHustle.release.xcconfig"; path = "Target Support Files/Pods-sideHustle/Pods-sideHustle.release.xcconfig"; sourceTree = "<group>"; };
		2916C23823E4FA3900F22E9C /* ObjectDesign.swift */ = {isa = PBXFileReference; lastKnownFileType = sourcecode.swift; path = ObjectDesign.swift; sourceTree = "<group>"; };
		29217D6D23C56507004FD302 /* SwipeTableViewController.swift */ = {isa = PBXFileReference; lastKnownFileType = sourcecode.swift; path = SwipeTableViewController.swift; sourceTree = "<group>"; };
		2923DA2D23E3BA450049904E /* ButtonDesign.swift */ = {isa = PBXFileReference; lastKnownFileType = sourcecode.swift; path = ButtonDesign.swift; sourceTree = "<group>"; };
		29465B0B23C414DF00997042 /* WeeklyCell.swift */ = {isa = PBXFileReference; lastKnownFileType = sourcecode.swift; path = WeeklyCell.swift; sourceTree = "<group>"; };
		29465B0C23C414DF00997042 /* WeeklyCell.xib */ = {isa = PBXFileReference; lastKnownFileType = file.xib; path = WeeklyCell.xib; sourceTree = "<group>"; };
		299159A323C3B6B5005F7E83 /* sideHustle.app */ = {isa = PBXFileReference; explicitFileType = wrapper.application; includeInIndex = 0; path = sideHustle.app; sourceTree = BUILT_PRODUCTS_DIR; };
		299159A623C3B6B5005F7E83 /* AppDelegate.swift */ = {isa = PBXFileReference; lastKnownFileType = sourcecode.swift; path = AppDelegate.swift; sourceTree = "<group>"; };
		299159A823C3B6B5005F7E83 /* SceneDelegate.swift */ = {isa = PBXFileReference; lastKnownFileType = sourcecode.swift; path = SceneDelegate.swift; sourceTree = "<group>"; };
		299159AD23C3B6B5005F7E83 /* Base */ = {isa = PBXFileReference; lastKnownFileType = file.storyboard; name = Base; path = Base.lproj/Main.storyboard; sourceTree = "<group>"; };
		299159AF23C3B6B6005F7E83 /* Assets.xcassets */ = {isa = PBXFileReference; lastKnownFileType = folder.assetcatalog; path = Assets.xcassets; sourceTree = "<group>"; };
		299159B223C3B6B6005F7E83 /* Base */ = {isa = PBXFileReference; lastKnownFileType = file.storyboard; name = Base; path = Base.lproj/LaunchScreen.storyboard; sourceTree = "<group>"; };
		299159B423C3B6B6005F7E83 /* Info.plist */ = {isa = PBXFileReference; lastKnownFileType = text.plist.xml; path = Info.plist; sourceTree = "<group>"; };
		299159C323C3B814005F7E83 /* Total.swift */ = {isa = PBXFileReference; fileEncoding = 4; lastKnownFileType = sourcecode.swift; path = Total.swift; sourceTree = "<group>"; };
		299159C423C3B814005F7E83 /* NewHoursViewController.swift */ = {isa = PBXFileReference; fileEncoding = 4; lastKnownFileType = sourcecode.swift; path = NewHoursViewController.swift; sourceTree = "<group>"; };
		299159C523C3B814005F7E83 /* Weekly.swift */ = {isa = PBXFileReference; fileEncoding = 4; lastKnownFileType = sourcecode.swift; path = Weekly.swift; sourceTree = "<group>"; };
		299159C723C3B814005F7E83 /* TotalTableViewController.swift */ = {isa = PBXFileReference; fileEncoding = 4; lastKnownFileType = sourcecode.swift; path = TotalTableViewController.swift; sourceTree = "<group>"; };
		29A7C10D23D7FCCE00CD0FE4 /* Alert.swift */ = {isa = PBXFileReference; lastKnownFileType = sourcecode.swift; path = Alert.swift; sourceTree = "<group>"; };
		29F4FBB823CE4556008FEBED /* EditHoursViewController.swift */ = {isa = PBXFileReference; lastKnownFileType = sourcecode.swift; path = EditHoursViewController.swift; sourceTree = "<group>"; };
		29FEB53923C66AB10084F70F /* WeeklyViewController.swift */ = {isa = PBXFileReference; lastKnownFileType = sourcecode.swift; path = WeeklyViewController.swift; sourceTree = "<group>"; };
		9EAC14D336743A253D05014E /* Pods-sideHustle.debug.xcconfig */ = {isa = PBXFileReference; includeInIndex = 1; lastKnownFileType = text.xcconfig; name = "Pods-sideHustle.debug.xcconfig"; path = "Target Support Files/Pods-sideHustle/Pods-sideHustle.debug.xcconfig"; sourceTree = "<group>"; };
		E4F4BB1167C4F3A1CBC6E147 /* Pods_sideHustle.framework */ = {isa = PBXFileReference; explicitFileType = wrapper.framework; includeInIndex = 0; path = Pods_sideHustle.framework; sourceTree = BUILT_PRODUCTS_DIR; };
/* End PBXFileReference section */

/* Begin PBXFrameworksBuildPhase section */
		299159A023C3B6B5005F7E83 /* Frameworks */ = {
			isa = PBXFrameworksBuildPhase;
			buildActionMask = 2147483647;
			files = (
				5C78A44036F2B97E2A479A01 /* Pods_sideHustle.framework in Frameworks */,
			);
			runOnlyForDeploymentPostprocessing = 0;
		};
/* End PBXFrameworksBuildPhase section */

/* Begin PBXGroup section */
		215B79714E9D82DD5CA06BE5 /* Pods */ = {
			isa = PBXGroup;
			children = (
				9EAC14D336743A253D05014E /* Pods-sideHustle.debug.xcconfig */,
				05FFD3BF31DDC23344E7D29E /* Pods-sideHustle.release.xcconfig */,
			);
			path = Pods;
			sourceTree = "<group>";
		};
		29465B0F23C414E600997042 /* Views */ = {
			isa = PBXGroup;
			children = (
				29465B0B23C414DF00997042 /* WeeklyCell.swift */,
				29465B0C23C414DF00997042 /* WeeklyCell.xib */,
			);
			path = Views;
			sourceTree = "<group>";
		};
		2991599A23C3B6B5005F7E83 = {
			isa = PBXGroup;
			children = (
				299159A523C3B6B5005F7E83 /* sideHustle */,
				299159A423C3B6B5005F7E83 /* Products */,
				215B79714E9D82DD5CA06BE5 /* Pods */,
				B05B8459C25380C3206F64FF /* Frameworks */,
			);
			sourceTree = "<group>";
		};
		299159A423C3B6B5005F7E83 /* Products */ = {
			isa = PBXGroup;
			children = (
				299159A323C3B6B5005F7E83 /* sideHustle.app */,
			);
			name = Products;
			sourceTree = "<group>";
		};
		299159A523C3B6B5005F7E83 /* sideHustle */ = {
			isa = PBXGroup;
			children = (
				299159A623C3B6B5005F7E83 /* AppDelegate.swift */,
				299159A823C3B6B5005F7E83 /* SceneDelegate.swift */,
				299159CF23C3B81B005F7E83 /* Model */,
				299159D023C3B82B005F7E83 /* Controllers */,
				299159AC23C3B6B5005F7E83 /* Main.storyboard */,
				29465B0F23C414E600997042 /* Views */,
				299159AF23C3B6B6005F7E83 /* Assets.xcassets */,
				299159B123C3B6B6005F7E83 /* LaunchScreen.storyboard */,
				299159B423C3B6B6005F7E83 /* Info.plist */,
			);
			path = sideHustle;
			sourceTree = "<group>";
		};
		299159CF23C3B81B005F7E83 /* Model */ = {
			isa = PBXGroup;
			children = (
				299159C323C3B814005F7E83 /* Total.swift */,
				299159C523C3B814005F7E83 /* Weekly.swift */,
				29A7C10D23D7FCCE00CD0FE4 /* Alert.swift */,
				2923DA2D23E3BA450049904E /* ButtonDesign.swift */,
				2916C23823E4FA3900F22E9C /* ObjectDesign.swift */,
			);
			path = Model;
			sourceTree = "<group>";
		};
		299159D023C3B82B005F7E83 /* Controllers */ = {
			isa = PBXGroup;
			children = (
				29217D6D23C56507004FD302 /* SwipeTableViewController.swift */,
				299159C723C3B814005F7E83 /* TotalTableViewController.swift */,
				29FEB53923C66AB10084F70F /* WeeklyViewController.swift */,
				299159C423C3B814005F7E83 /* NewHoursViewController.swift */,
				29F4FBB823CE4556008FEBED /* EditHoursViewController.swift */,
			);
			path = Controllers;
			sourceTree = "<group>";
		};
		B05B8459C25380C3206F64FF /* Frameworks */ = {
			isa = PBXGroup;
			children = (
				E4F4BB1167C4F3A1CBC6E147 /* Pods_sideHustle.framework */,
			);
			name = Frameworks;
			sourceTree = "<group>";
		};
/* End PBXGroup section */

/* Begin PBXNativeTarget section */
		299159A223C3B6B5005F7E83 /* sideHustle */ = {
			isa = PBXNativeTarget;
			buildConfigurationList = 299159B723C3B6B6005F7E83 /* Build configuration list for PBXNativeTarget "sideHustle" */;
			buildPhases = (
				056BCC3793AB906925241BC3 /* [CP] Check Pods Manifest.lock */,
				2991599F23C3B6B5005F7E83 /* Sources */,
				299159A023C3B6B5005F7E83 /* Frameworks */,
				299159A123C3B6B5005F7E83 /* Resources */,
				0829325BC1F8C904330798B4 /* [CP] Embed Pods Frameworks */,
			);
			buildRules = (
			);
			dependencies = (
			);
			name = sideHustle;
			productName = sideHustle;
			productReference = 299159A323C3B6B5005F7E83 /* sideHustle.app */;
			productType = "com.apple.product-type.application";
		};
/* End PBXNativeTarget section */

/* Begin PBXProject section */
		2991599B23C3B6B5005F7E83 /* Project object */ = {
			isa = PBXProject;
			attributes = {
				LastSwiftUpdateCheck = 1120;
				LastUpgradeCheck = 1120;
				ORGANIZATIONNAME = "Leonardo Diaz";
				TargetAttributes = {
					299159A223C3B6B5005F7E83 = {
						CreatedOnToolsVersion = 11.2.1;
					};
				};
			};
			buildConfigurationList = 2991599E23C3B6B5005F7E83 /* Build configuration list for PBXProject "sideHustle" */;
			compatibilityVersion = "Xcode 9.3";
			developmentRegion = en;
			hasScannedForEncodings = 0;
			knownRegions = (
				en,
				Base,
			);
			mainGroup = 2991599A23C3B6B5005F7E83;
			productRefGroup = 299159A423C3B6B5005F7E83 /* Products */;
			projectDirPath = "";
			projectRoot = "";
			targets = (
				299159A223C3B6B5005F7E83 /* sideHustle */,
			);
		};
/* End PBXProject section */

/* Begin PBXResourcesBuildPhase section */
		299159A123C3B6B5005F7E83 /* Resources */ = {
			isa = PBXResourcesBuildPhase;
			buildActionMask = 2147483647;
			files = (
				29465B0E23C414DF00997042 /* WeeklyCell.xib in Resources */,
				299159B323C3B6B6005F7E83 /* LaunchScreen.storyboard in Resources */,
				299159B023C3B6B6005F7E83 /* Assets.xcassets in Resources */,
				299159AE23C3B6B5005F7E83 /* Main.storyboard in Resources */,
			);
			runOnlyForDeploymentPostprocessing = 0;
		};
/* End PBXResourcesBuildPhase section */

/* Begin PBXShellScriptBuildPhase section */
		056BCC3793AB906925241BC3 /* [CP] Check Pods Manifest.lock */ = {
			isa = PBXShellScriptBuildPhase;
			buildActionMask = 2147483647;
			files = (
			);
			inputFileListPaths = (
			);
			inputPaths = (
				"${PODS_PODFILE_DIR_PATH}/Podfile.lock",
				"${PODS_ROOT}/Manifest.lock",
			);
			name = "[CP] Check Pods Manifest.lock";
			outputFileListPaths = (
			);
			outputPaths = (
				"$(DERIVED_FILE_DIR)/Pods-sideHustle-checkManifestLockResult.txt",
			);
			runOnlyForDeploymentPostprocessing = 0;
			shellPath = /bin/sh;
			shellScript = "diff \"${PODS_PODFILE_DIR_PATH}/Podfile.lock\" \"${PODS_ROOT}/Manifest.lock\" > /dev/null\nif [ $? != 0 ] ; then\n    # print error to STDERR\n    echo \"error: The sandbox is not in sync with the Podfile.lock. Run 'pod install' or update your CocoaPods installation.\" >&2\n    exit 1\nfi\n# This output is used by Xcode 'outputs' to avoid re-running this script phase.\necho \"SUCCESS\" > \"${SCRIPT_OUTPUT_FILE_0}\"\n";
			showEnvVarsInLog = 0;
		};
		0829325BC1F8C904330798B4 /* [CP] Embed Pods Frameworks */ = {
			isa = PBXShellScriptBuildPhase;
			buildActionMask = 2147483647;
			files = (
			);
			inputFileListPaths = (
				"${PODS_ROOT}/Target Support Files/Pods-sideHustle/Pods-sideHustle-frameworks-${CONFIGURATION}-input-files.xcfilelist",
			);
			name = "[CP] Embed Pods Frameworks";
			outputFileListPaths = (
				"${PODS_ROOT}/Target Support Files/Pods-sideHustle/Pods-sideHustle-frameworks-${CONFIGURATION}-output-files.xcfilelist",
			);
			runOnlyForDeploymentPostprocessing = 0;
			shellPath = /bin/sh;
			shellScript = "\"${PODS_ROOT}/Target Support Files/Pods-sideHustle/Pods-sideHustle-frameworks.sh\"\n";
			showEnvVarsInLog = 0;
		};
/* End PBXShellScriptBuildPhase section */

/* Begin PBXSourcesBuildPhase section */
		2991599F23C3B6B5005F7E83 /* Sources */ = {
			isa = PBXSourcesBuildPhase;
			buildActionMask = 2147483647;
			files = (
				29465B0D23C414DF00997042 /* WeeklyCell.swift in Sources */,
				299159A723C3B6B5005F7E83 /* AppDelegate.swift in Sources */,
				29F4FBB923CE4556008FEBED /* EditHoursViewController.swift in Sources */,
				2923DA2E23E3BA450049904E /* ButtonDesign.swift in Sources */,
				29FEB53A23C66AB10084F70F /* WeeklyViewController.swift in Sources */,
				2916C23923E4FA3900F22E9C /* ObjectDesign.swift in Sources */,
				299159CB23C3B814005F7E83 /* Weekly.swift in Sources */,
				29217D6E23C56507004FD302 /* SwipeTableViewController.swift in Sources */,
				299159CD23C3B814005F7E83 /* TotalTableViewController.swift in Sources */,
				299159C923C3B814005F7E83 /* Total.swift in Sources */,
				29A7C10E23D7FCCE00CD0FE4 /* Alert.swift in Sources */,
				299159CA23C3B814005F7E83 /* NewHoursViewController.swift in Sources */,
				299159A923C3B6B5005F7E83 /* SceneDelegate.swift in Sources */,
			);
			runOnlyForDeploymentPostprocessing = 0;
		};
/* End PBXSourcesBuildPhase section */

/* Begin PBXVariantGroup section */
		299159AC23C3B6B5005F7E83 /* Main.storyboard */ = {
			isa = PBXVariantGroup;
			children = (
				299159AD23C3B6B5005F7E83 /* Base */,
			);
			name = Main.storyboard;
			sourceTree = "<group>";
		};
		299159B123C3B6B6005F7E83 /* LaunchScreen.storyboard */ = {
			isa = PBXVariantGroup;
			children = (
				299159B223C3B6B6005F7E83 /* Base */,
			);
			name = LaunchScreen.storyboard;
			sourceTree = "<group>";
		};
/* End PBXVariantGroup section */

/* Begin XCBuildConfiguration section */
		299159B523C3B6B6005F7E83 /* Debug */ = {
			isa = XCBuildConfiguration;
			buildSettings = {
				ALWAYS_SEARCH_USER_PATHS = NO;
				CLANG_ANALYZER_NONNULL = YES;
				CLANG_ANALYZER_NUMBER_OBJECT_CONVERSION = YES_AGGRESSIVE;
				CLANG_CXX_LANGUAGE_STANDARD = "gnu++14";
				CLANG_CXX_LIBRARY = "libc++";
				CLANG_ENABLE_MODULES = YES;
				CLANG_ENABLE_OBJC_ARC = YES;
				CLANG_ENABLE_OBJC_WEAK = YES;
				CLANG_WARN_BLOCK_CAPTURE_AUTORELEASING = YES;
				CLANG_WARN_BOOL_CONVERSION = YES;
				CLANG_WARN_COMMA = YES;
				CLANG_WARN_CONSTANT_CONVERSION = YES;
				CLANG_WARN_DEPRECATED_OBJC_IMPLEMENTATIONS = YES;
				CLANG_WARN_DIRECT_OBJC_ISA_USAGE = YES_ERROR;
				CLANG_WARN_DOCUMENTATION_COMMENTS = YES;
				CLANG_WARN_EMPTY_BODY = YES;
				CLANG_WARN_ENUM_CONVERSION = YES;
				CLANG_WARN_INFINITE_RECURSION = YES;
				CLANG_WARN_INT_CONVERSION = YES;
				CLANG_WARN_NON_LITERAL_NULL_CONVERSION = YES;
				CLANG_WARN_OBJC_IMPLICIT_RETAIN_SELF = YES;
				CLANG_WARN_OBJC_LITERAL_CONVERSION = YES;
				CLANG_WARN_OBJC_ROOT_CLASS = YES_ERROR;
				CLANG_WARN_RANGE_LOOP_ANALYSIS = YES;
				CLANG_WARN_STRICT_PROTOTYPES = YES;
				CLANG_WARN_SUSPICIOUS_MOVE = YES;
				CLANG_WARN_UNGUARDED_AVAILABILITY = YES_AGGRESSIVE;
				CLANG_WARN_UNREACHABLE_CODE = YES;
				CLANG_WARN__DUPLICATE_METHOD_MATCH = YES;
				COPY_PHASE_STRIP = NO;
				DEBUG_INFORMATION_FORMAT = dwarf;
				ENABLE_STRICT_OBJC_MSGSEND = YES;
				ENABLE_TESTABILITY = YES;
				GCC_C_LANGUAGE_STANDARD = gnu11;
				GCC_DYNAMIC_NO_PIC = NO;
				GCC_NO_COMMON_BLOCKS = YES;
				GCC_OPTIMIZATION_LEVEL = 0;
				GCC_PREPROCESSOR_DEFINITIONS = (
					"DEBUG=1",
					"$(inherited)",
				);
				GCC_WARN_64_TO_32_BIT_CONVERSION = YES;
				GCC_WARN_ABOUT_RETURN_TYPE = YES_ERROR;
				GCC_WARN_UNDECLARED_SELECTOR = YES;
				GCC_WARN_UNINITIALIZED_AUTOS = YES_AGGRESSIVE;
				GCC_WARN_UNUSED_FUNCTION = YES;
				GCC_WARN_UNUSED_VARIABLE = YES;
				IPHONEOS_DEPLOYMENT_TARGET = 13.2;
				MTL_ENABLE_DEBUG_INFO = INCLUDE_SOURCE;
				MTL_FAST_MATH = YES;
				ONLY_ACTIVE_ARCH = YES;
				SDKROOT = iphoneos;
				SWIFT_ACTIVE_COMPILATION_CONDITIONS = DEBUG;
				SWIFT_OPTIMIZATION_LEVEL = "-Onone";
			};
			name = Debug;
		};
		299159B623C3B6B6005F7E83 /* Release */ = {
			isa = XCBuildConfiguration;
			buildSettings = {
				ALWAYS_SEARCH_USER_PATHS = NO;
				CLANG_ANALYZER_NONNULL = YES;
				CLANG_ANALYZER_NUMBER_OBJECT_CONVERSION = YES_AGGRESSIVE;
				CLANG_CXX_LANGUAGE_STANDARD = "gnu++14";
				CLANG_CXX_LIBRARY = "libc++";
				CLANG_ENABLE_MODULES = YES;
				CLANG_ENABLE_OBJC_ARC = YES;
				CLANG_ENABLE_OBJC_WEAK = YES;
				CLANG_WARN_BLOCK_CAPTURE_AUTORELEASING = YES;
				CLANG_WARN_BOOL_CONVERSION = YES;
				CLANG_WARN_COMMA = YES;
				CLANG_WARN_CONSTANT_CONVERSION = YES;
				CLANG_WARN_DEPRECATED_OBJC_IMPLEMENTATIONS = YES;
				CLANG_WARN_DIRECT_OBJC_ISA_USAGE = YES_ERROR;
				CLANG_WARN_DOCUMENTATION_COMMENTS = YES;
				CLANG_WARN_EMPTY_BODY = YES;
				CLANG_WARN_ENUM_CONVERSION = YES;
				CLANG_WARN_INFINITE_RECURSION = YES;
				CLANG_WARN_INT_CONVERSION = YES;
				CLANG_WARN_NON_LITERAL_NULL_CONVERSION = YES;
				CLANG_WARN_OBJC_IMPLICIT_RETAIN_SELF = YES;
				CLANG_WARN_OBJC_LITERAL_CONVERSION = YES;
				CLANG_WARN_OBJC_ROOT_CLASS = YES_ERROR;
				CLANG_WARN_RANGE_LOOP_ANALYSIS = YES;
				CLANG_WARN_STRICT_PROTOTYPES = YES;
				CLANG_WARN_SUSPICIOUS_MOVE = YES;
				CLANG_WARN_UNGUARDED_AVAILABILITY = YES_AGGRESSIVE;
				CLANG_WARN_UNREACHABLE_CODE = YES;
				CLANG_WARN__DUPLICATE_METHOD_MATCH = YES;
				COPY_PHASE_STRIP = NO;
				DEBUG_INFORMATION_FORMAT = "dwarf-with-dsym";
				ENABLE_NS_ASSERTIONS = NO;
				ENABLE_STRICT_OBJC_MSGSEND = YES;
				GCC_C_LANGUAGE_STANDARD = gnu11;
				GCC_NO_COMMON_BLOCKS = YES;
				GCC_WARN_64_TO_32_BIT_CONVERSION = YES;
				GCC_WARN_ABOUT_RETURN_TYPE = YES_ERROR;
				GCC_WARN_UNDECLARED_SELECTOR = YES;
				GCC_WARN_UNINITIALIZED_AUTOS = YES_AGGRESSIVE;
				GCC_WARN_UNUSED_FUNCTION = YES;
				GCC_WARN_UNUSED_VARIABLE = YES;
				IPHONEOS_DEPLOYMENT_TARGET = 13.2;
				MTL_ENABLE_DEBUG_INFO = NO;
				MTL_FAST_MATH = YES;
				SDKROOT = iphoneos;
				SWIFT_COMPILATION_MODE = wholemodule;
				SWIFT_OPTIMIZATION_LEVEL = "-O";
				VALIDATE_PRODUCT = YES;
			};
			name = Release;
		};
		299159B823C3B6B6005F7E83 /* Debug */ = {
			isa = XCBuildConfiguration;
			baseConfigurationReference = 9EAC14D336743A253D05014E /* Pods-sideHustle.debug.xcconfig */;
			buildSettings = {
				ASSETCATALOG_COMPILER_APPICON_NAME = AppIcon;
				CODE_SIGN_STYLE = Automatic;
				DEVELOPMENT_TEAM = 74FP7YTMHY;
				INFOPLIST_FILE = sideHustle/Info.plist;
				LD_RUNPATH_SEARCH_PATHS = (
					"$(inherited)",
					"@executable_path/Frameworks",
				);
				PRODUCT_BUNDLE_IDENTIFIER = com.leonardo.sideHustle;
				PRODUCT_NAME = "$(TARGET_NAME)";
				SWIFT_VERSION = 5.0;
				TARGETED_DEVICE_FAMILY = "1,2";
			};
			name = Debug;
		};
		299159B923C3B6B6005F7E83 /* Release */ = {
			isa = XCBuildConfiguration;
			baseConfigurationReference = 05FFD3BF31DDC23344E7D29E /* Pods-sideHustle.release.xcconfig */;
			buildSettings = {
				ASSETCATALOG_COMPILER_APPICON_NAME = AppIcon;
				CODE_SIGN_STYLE = Automatic;
				DEVELOPMENT_TEAM = 74FP7YTMHY;
				INFOPLIST_FILE = sideHustle/Info.plist;
				LD_RUNPATH_SEARCH_PATHS = (
					"$(inherited)",
					"@executable_path/Frameworks",
				);
				PRODUCT_BUNDLE_IDENTIFIER = com.leonardo.sideHustle;
				PRODUCT_NAME = "$(TARGET_NAME)";
				SWIFT_VERSION = 5.0;
				TARGETED_DEVICE_FAMILY = "1,2";
			};
			name = Release;
		};
/* End XCBuildConfiguration section */

/* Begin XCConfigurationList section */
		2991599E23C3B6B5005F7E83 /* Build configuration list for PBXProject "sideHustle" */ = {
			isa = XCConfigurationList;
			buildConfigurations = (
				299159B523C3B6B6005F7E83 /* Debug */,
				299159B623C3B6B6005F7E83 /* Release */,
			);
			defaultConfigurationIsVisible = 0;
			defaultConfigurationName = Release;
		};
		299159B723C3B6B6005F7E83 /* Build configuration list for PBXNativeTarget "sideHustle" */ = {
			isa = XCConfigurationList;
			buildConfigurations = (
				299159B823C3B6B6005F7E83 /* Debug */,
				299159B923C3B6B6005F7E83 /* Release */,
			);
			defaultConfigurationIsVisible = 0;
			defaultConfigurationName = Release;
		};
/* End XCConfigurationList section */
	};
	rootObject = 2991599B23C3B6B5005F7E83 /* Project object */;
}
